
Microsoft Visual Studio Solution File, Format Version 12.00
# Visual Studio Version 16
VisualStudioVersion = 16.0.28803.452
MinimumVisualStudioVersion = 10.0.40219.1
Project("{FAE04EC0-301F-11D3-BF4B-00C04F79EFBC}") = "InkApp", "InkApp\InkApp\InkApp.csproj", "{1B13ADC3-DB32-4C26-9F60-C6824D406936}"
EndProject
Project("{FAE04EC0-301F-11D3-BF4B-00C04F79EFBC}") = "InkApp.Android", "InkApp\InkApp.Android\InkApp.Android.csproj", "{DA3F172B-19D0-41A0-93FE-11EBB5FE72FA}"
EndProject
Project("{FAE04EC0-301F-11D3-BF4B-00C04F79EFBC}") = "InkApp.iOS", "InkApp\InkApp.iOS\InkApp.iOS.csproj", "{A0D15C9A-B4D3-49A0-A649-0DAC2BF9E460}"
EndProject
Global
	GlobalSection(SolutionConfigurationPlatforms) = preSolution
		Ad-Hoc|Any CPU = Ad-Hoc|Any CPU
		Ad-Hoc|iPhone = Ad-Hoc|iPhone
		Ad-Hoc|iPhoneSimulator = Ad-Hoc|iPhoneSimulator
		AppStore|Any CPU = AppStore|Any CPU
		AppStore|iPhone = AppStore|iPhone
		AppStore|iPhoneSimulator = AppStore|iPhoneSimulator
		Debug|Any CPU = Debug|Any CPU
		Debug|iPhone = Debug|iPhone
		Debug|iPhoneSimulator = Debug|iPhoneSimulator
		Release|Any CPU = Release|Any CPU
		Release|iPhone = Release|iPhone
		Release|iPhoneSimulator = Release|iPhoneSimulator
	EndGlobalSection
	GlobalSection(ProjectConfigurationPlatforms) = postSolution
		{1B13ADC3-DB32-4C26-9F60-C6824D406936}.Ad-Hoc|Any CPU.ActiveCfg = Debug|Any CPU
		{1B13ADC3-DB32-4C26-9F60-C6824D406936}.Ad-Hoc|Any CPU.Build.0 = Debug|Any CPU
		{1B13ADC3-DB32-4C26-9F60-C6824D406936}.Ad-Hoc|iPhone.ActiveCfg = Debug|Any CPU
		{1B13ADC3-DB32-4C26-9F60-C6824D406936}.Ad-Hoc|iPhone.Build.0 = Debug|Any CPU
		{1B13ADC3-DB32-4C26-9F60-C6824D406936}.Ad-Hoc|iPhoneSimulator.ActiveCfg = Debug|Any CPU
		{1B13ADC3-DB32-4C26-9F60-C6824D406936}.Ad-Hoc|iPhoneSimulator.Build.0 = Debug|Any CPU
		{1B13ADC3-DB32-4C26-9F60-C6824D406936}.AppStore|Any CPU.ActiveCfg = Debug|Any CPU
		{1B13ADC3-DB32-4C26-9F60-C6824D406936}.AppStore|Any CPU.Build.0 = Debug|Any CPU
		{1B13ADC3-DB32-4C26-9F60-C6824D406936}.AppStore|iPhone.ActiveCfg = Debug|Any CPU
		{1B13ADC3-DB32-4C26-9F60-C6824D406936}.AppStore|iPhone.Build.0 = Debug|Any CPU
		{1B13ADC3-DB32-4C26-9F60-C6824D406936}.AppStore|iPhoneSimulator.ActiveCfg = Debug|Any CPU
		{1B13ADC3-DB32-4C26-9F60-C6824D406936}.AppStore|iPhoneSimulator.Build.0 = Debug|Any CPU
		{1B13ADC3-DB32-4C26-9F60-C6824D406936}.Debug|Any CPU.ActiveCfg = Debug|Any CPU
		{1B13ADC3-DB32-4C26-9F60-C6824D406936}.Debug|Any CPU.Build.0 = Debug|Any CPU
		{1B13ADC3-DB32-4C26-9F60-C6824D406936}.Debug|iPhone.ActiveCfg = Debug|Any CPU
		{1B13ADC3-DB32-4C26-9F60-C6824D406936}.Debug|iPhone.Build.0 = Debug|Any CPU
		{1B13ADC3-DB32-4C26-9F60-C6824D406936}.Debug|iPhoneSimulator.ActiveCfg = Debug|Any CPU
		{1B13ADC3-DB32-4C26-9F60-C6824D406936}.Debug|iPhoneSimulator.Build.0 = Debug|Any CPU
		{1B13ADC3-DB32-4C26-9F60-C6824D406936}.Release|Any CPU.ActiveCfg = Release|Any CPU
		{1B13ADC3-DB32-4C26-9F60-C6824D406936}.Release|Any CPU.Build.0 = Release|Any CPU
		{1B13ADC3-DB32-4C26-9F60-C6824D406936}.Release|iPhone.ActiveCfg = Release|Any CPU
		{1B13ADC3-DB32-4C26-9F60-C6824D406936}.Release|iPhone.Build.0 = Release|Any CPU
		{1B13ADC3-DB32-4C26-9F60-C6824D406936}.Release|iPhoneSimulator.ActiveCfg = Release|Any CPU
		{1B13ADC3-DB32-4C26-9F60-C6824D406936}.Release|iPhoneSimulator.Build.0 = Release|Any CPU
		{DA3F172B-19D0-41A0-93FE-11EBB5FE72FA}.Ad-Hoc|Any CPU.ActiveCfg = Release|Any CPU
		{DA3F172B-19D0-41A0-93FE-11EBB5FE72FA}.Ad-Hoc|Any CPU.Build.0 = Release|Any CPU
		{DA3F172B-19D0-41A0-93FE-11EBB5FE72FA}.Ad-Hoc|Any CPU.Deploy.0 = Release|Any CPU
		{DA3F172B-19D0-41A0-93FE-11EBB5FE72FA}.Ad-Hoc|iPhone.ActiveCfg = Release|Any CPU
		{DA3F172B-19D0-41A0-93FE-11EBB5FE72FA}.Ad-Hoc|iPhone.Build.0 = Release|Any CPU
		{DA3F172B-19D0-41A0-93FE-11EBB5FE72FA}.Ad-Hoc|iPhone.Deploy.0 = Release|Any CPU
		{DA3F172B-19D0-41A0-93FE-11EBB5FE72FA}.Ad-Hoc|iPhoneSimulator.ActiveCfg = Release|Any CPU
		{DA3F172B-19D0-41A0-93FE-11EBB5FE72FA}.Ad-Hoc|iPhoneSimulator.Build.0 = Release|Any CPU
		{DA3F172B-19D0-41A0-93FE-11EBB5FE72FA}.Ad-Hoc|iPhoneSimulator.Deploy.0 = Release|Any CPU
		{DA3F172B-19D0-41A0-93FE-11EBB5FE72FA}.AppStore|Any CPU.ActiveCfg = Release|Any CPU
		{DA3F172B-19D0-41A0-93FE-11EBB5FE72FA}.AppStore|Any CPU.Build.0 = Release|Any CPU
		{DA3F172B-19D0-41A0-93FE-11EBB5FE72FA}.AppStore|Any CPU.Deploy.0 = Release|Any CPU
		{DA3F172B-19D0-41A0-93FE-11EBB5FE72FA}.AppStore|iPhone.ActiveCfg = Release|Any CPU
		{DA3F172B-19D0-41A0-93FE-11EBB5FE72FA}.AppStore|iPhone.Build.0 = Release|Any CPU
		{DA3F172B-19D0-41A0-93FE-11EBB5FE72FA}.AppStore|iPhone.Deploy.0 = Release|Any CPU
		{DA3F172B-19D0-41A0-93FE-11EBB5FE72FA}.AppStore|iPhoneSimulator.ActiveCfg = Release|Any CPU
		{DA3F172B-19D0-41A0-93FE-11EBB5FE72FA}.AppStore|iPhoneSimulator.Build.0 = Release|Any CPU
		{DA3F172B-19D0-41A0-93FE-11EBB5FE72FA}.AppStore|iPhoneSimulator.Deploy.0 = Release|Any CPU
		{DA3F172B-19D0-41A0-93FE-11EBB5FE72FA}.Debug|Any CPU.ActiveCfg = Debug|Any CPU
		{DA3F172B-19D0-41A0-93FE-11EBB5FE72FA}.Debug|Any CPU.Build.0 = Debug|Any CPU
		{DA3F172B-19D0-41A0-93FE-11EBB5FE72FA}.Debug|Any CPU.Deploy.0 = Debug|Any CPU
		{DA3F172B-19D0-41A0-93FE-11EBB5FE72FA}.Debug|iPhone.ActiveCfg = Debug|Any CPU
		{DA3F172B-19D0-41A0-93FE-11EBB5FE72FA}.Debug|iPhone.Build.0 = Debug|Any CPU
		{DA3F172B-19D0-41A0-93FE-11EBB5FE72FA}.Debug|iPhone.Deploy.0 = Debug|Any CPU
		{DA3F172B-19D0-41A0-93FE-11EBB5FE72FA}.Debug|iPhoneSimulator.ActiveCfg = Debug|Any CPU
		{DA3F172B-19D0-41A0-93FE-11EBB5FE72FA}.Debug|iPhoneSimulator.Build.0 = Debug|Any CPU
		{DA3F172B-19D0-41A0-93FE-11EBB5FE72FA}.Debug|iPhoneSimulator.Deploy.0 = Debug|Any CPU
		{DA3F172B-19D0-41A0-93FE-11EBB5FE72FA}.Release|Any CPU.ActiveCfg = Release|Any CPU
		{DA3F172B-19D0-41A0-93FE-11EBB5FE72FA}.Release|Any CPU.Build.0 = Release|Any CPU
		{DA3F172B-19D0-41A0-93FE-11EBB5FE72FA}.Release|Any CPU.Deploy.0 = Release|Any CPU
		{DA3F172B-19D0-41A0-93FE-11EBB5FE72FA}.Release|iPhone.ActiveCfg = Release|Any CPU
		{DA3F172B-19D0-41A0-93FE-11EBB5FE72FA}.Release|iPhone.Build.0 = Release|Any CPU
		{DA3F172B-19D0-41A0-93FE-11EBB5FE72FA}.Release|iPhone.Deploy.0 = Release|Any CPU
		{DA3F172B-19D0-41A0-93FE-11EBB5FE72FA}.Release|iPhoneSimulator.ActiveCfg = Release|Any CPU
		{DA3F172B-19D0-41A0-93FE-11EBB5FE72FA}.Release|iPhoneSimulator.Build.0 = Release|Any CPU
		{DA3F172B-19D0-41A0-93FE-11EBB5FE72FA}.Release|iPhoneSimulator.Deploy.0 = Release|Any CPU
		{A0D15C9A-B4D3-49A0-A649-0DAC2BF9E460}.Ad-Hoc|Any CPU.ActiveCfg = Ad-Hoc|iPhone
		{A0D15C9A-B4D3-49A0-A649-0DAC2BF9E460}.Ad-Hoc|iPhone.ActiveCfg = Ad-Hoc|iPhone
		{A0D15C9A-B4D3-49A0-A649-0DAC2BF9E460}.Ad-Hoc|iPhone.Build.0 = Ad-Hoc|iPhone
		{A0D15C9A-B4D3-49A0-A649-0DAC2BF9E460}.Ad-Hoc|iPhoneSimulator.ActiveCfg = Ad-Hoc|iPhoneSimulator
		{A0D15C9A-B4D3-49A0-A649-0DAC2BF9E460}.Ad-Hoc|iPhoneSimulator.Build.0 = Ad-Hoc|iPhoneSimulator
		{A0D15C9A-B4D3-49A0-A649-0DAC2BF9E460}.AppStore|Any CPU.ActiveCfg = AppStore|iPhone
		{A0D15C9A-B4D3-49A0-A649-0DAC2BF9E460}.AppStore|iPhone.ActiveCfg = AppStore|iPhone
		{A0D15C9A-B4D3-49A0-A649-0DAC2BF9E460}.AppStore|iPhone.Build.0 = AppStore|iPhone
		{A0D15C9A-B4D3-49A0-A649-0DAC2BF9E460}.AppStore|iPhoneSimulator.ActiveCfg = AppStore|iPhoneSimulator
		{A0D15C9A-B4D3-49A0-A649-0DAC2BF9E460}.AppStore|iPhoneSimulator.Build.0 = AppStore|iPhoneSimulator
		{A0D15C9A-B4D3-49A0-A649-0DAC2BF9E460}.Debug|Any CPU.ActiveCfg = Debug|iPhone
		{A0D15C9A-B4D3-49A0-A649-0DAC2BF9E460}.Debug|iPhone.ActiveCfg = Debug|iPhone
		{A0D15C9A-B4D3-49A0-A649-0DAC2BF9E460}.Debug|iPhone.Build.0 = Debug|iPhone
		{A0D15C9A-B4D3-49A0-A649-0DAC2BF9E460}.Debug|iPhoneSimulator.ActiveCfg = Debug|iPhoneSimulator
		{A0D15C9A-B4D3-49A0-A649-0DAC2BF9E460}.Debug|iPhoneSimulator.Build.0 = Debug|iPhoneSimulator
		{A0D15C9A-B4D3-49A0-A649-0DAC2BF9E460}.Release|Any CPU.ActiveCfg = Release|iPhone
		{A0D15C9A-B4D3-49A0-A649-0DAC2BF9E460}.Release|iPhone.ActiveCfg = Release|iPhone
		{A0D15C9A-B4D3-49A0-A649-0DAC2BF9E460}.Release|iPhone.Build.0 = Release|iPhone
		{A0D15C9A-B4D3-49A0-A649-0DAC2BF9E460}.Release|iPhoneSimulator.ActiveCfg = Release|iPhoneSimulator
		{A0D15C9A-B4D3-49A0-A649-0DAC2BF9E460}.Release|iPhoneSimulator.Build.0 = Release|iPhoneSimulator
	EndGlobalSection
	GlobalSection(SolutionProperties) = preSolution
		HideSolutionNode = FALSE
	EndGlobalSection
	GlobalSection(ExtensibilityGlobals) = postSolution
		SolutionGuid = {4A247B26-11D5-4094-913E-8A940C9858C6}
	EndGlobalSection
EndGlobal
